
Microsoft Visual Studio Solution File, Format Version 12.00
# Visual Studio 15
VisualStudioVersion = 15.0.28307.271
MinimumVisualStudioVersion = 10.0.40219.1
Project("{FAE04EC0-301F-11D3-BF4B-00C04F79EFBC}") = "AnalisisOrdenamiento", "AnalisisOrdenamiento\AnalisisOrdenamiento.csproj", "{0C3FB40E-CCE5-42C5-91B2-E502D3EEC388}"
EndProject
Project("{FAE04EC0-301F-11D3-BF4B-00C04F79EFBC}") = "AnalisisOrdenamientoTest", "AnalisisOrdenamientoTest\AnalisisOrdenamientoTest.csproj", "{262090E4-9100-4D42-971F-7EB40AD5E3FE}"
EndProject
Global
	GlobalSection(SolutionConfigurationPlatforms) = preSolution
		Debug|Any CPU = Debug|Any CPU
		Release|Any CPU = Release|Any CPU
	EndGlobalSection
	GlobalSection(ProjectConfigurationPlatforms) = postSolution
		{0C3FB40E-CCE5-42C5-91B2-E502D3EEC388}.Debug|Any CPU.ActiveCfg = Debug|Any CPU
		{0C3FB40E-CCE5-42C5-91B2-E502D3EEC388}.Debug|Any CPU.Build.0 = Debug|Any CPU
		{0C3FB40E-CCE5-42C5-91B2-E502D3EEC388}.Release|Any CPU.ActiveCfg = Release|Any CPU
		{0C3FB40E-CCE5-42C5-91B2-E502D3EEC388}.Release|Any CPU.Build.0 = Release|Any CPU
		{262090E4-9100-4D42-971F-7EB40AD5E3FE}.Debug|Any CPU.ActiveCfg = Debug|Any CPU
		{262090E4-9100-4D42-971F-7EB40AD5E3FE}.Debug|Any CPU.Build.0 = Debug|Any CPU
		{262090E4-9100-4D42-971F-7EB40AD5E3FE}.Release|Any CPU.ActiveCfg = Release|Any CPU
		{262090E4-9100-4D42-971F-7EB40AD5E3FE}.Release|Any CPU.Build.0 = Release|Any CPU
	EndGlobalSection
	GlobalSection(SolutionProperties) = preSolution
		HideSolutionNode = FALSE
	EndGlobalSection
	GlobalSection(ExtensibilityGlobals) = postSolution
		SolutionGuid = {4D35F0CD-09B2-453A-9D2E-B52EC6FF57AA}
	EndGlobalSection
EndGlobal
